
Microsoft Visual Studio Solution File, Format Version 12.00
# Visual Studio Version 17
VisualStudioVersion = 17.0.31903.59
MinimumVisualStudioVersion = 10.0.40219.1
Project("{FAE04EC0-301F-11D3-BF4B-00C04F79EFBC}") = "MindSetCoach.Api", "MindSetCoach.Api\MindSetCoach.Api.csproj", "{CA7F63A1-7429-4FF6-983A-FDC2E6DCA033}"
EndProject
Project("{FAE04EC0-301F-11D3-BF4B-00C04F79EFBC}") = "MindSetCoach.Web", "MindSetCoach.Web\MindSetCoach.Web.csproj", "{B0F973F5-36D6-4614-8980-A6B38EAB05B8}"
EndProject
Project("{FAE04EC0-301F-11D3-BF4B-00C04F79EFBC}") = "MindSetCoach.Tests", "MindSetCoach.Tests\MindSetCoach.Tests.csproj", "{AC991951-D125-42A9-AFCB-919F44F60576}"
EndProject
Project("{FAE04EC0-301F-11D3-BF4B-00C04F79EFBC}") = "MindSetCoach.Cli", "MindSetCoach.Cli\MindSetCoach.Cli.csproj", "{34AE89D7-5CEB-4859-B4E0-2B050C1C9C00}"
EndProject
Global
	GlobalSection(SolutionConfigurationPlatforms) = preSolution
		Debug|Any CPU = Debug|Any CPU
		Debug|x64 = Debug|x64
		Debug|x86 = Debug|x86
		Release|Any CPU = Release|Any CPU
		Release|x64 = Release|x64
		Release|x86 = Release|x86
	EndGlobalSection
	GlobalSection(ProjectConfigurationPlatforms) = postSolution
		{CA7F63A1-7429-4FF6-983A-FDC2E6DCA033}.Debug|Any CPU.ActiveCfg = Debug|Any CPU
		{CA7F63A1-7429-4FF6-983A-FDC2E6DCA033}.Debug|Any CPU.Build.0 = Debug|Any CPU
		{CA7F63A1-7429-4FF6-983A-FDC2E6DCA033}.Debug|x64.ActiveCfg = Debug|Any CPU
		{CA7F63A1-7429-4FF6-983A-FDC2E6DCA033}.Debug|x64.Build.0 = Debug|Any CPU
		{CA7F63A1-7429-4FF6-983A-FDC2E6DCA033}.Debug|x86.ActiveCfg = Debug|Any CPU
		{CA7F63A1-7429-4FF6-983A-FDC2E6DCA033}.Debug|x86.Build.0 = Debug|Any CPU
		{CA7F63A1-7429-4FF6-983A-FDC2E6DCA033}.Release|Any CPU.ActiveCfg = Release|Any CPU
		{CA7F63A1-7429-4FF6-983A-FDC2E6DCA033}.Release|Any CPU.Build.0 = Release|Any CPU
		{CA7F63A1-7429-4FF6-983A-FDC2E6DCA033}.Release|x64.ActiveCfg = Release|Any CPU
		{CA7F63A1-7429-4FF6-983A-FDC2E6DCA033}.Release|x64.Build.0 = Release|Any CPU
		{CA7F63A1-7429-4FF6-983A-FDC2E6DCA033}.Release|x86.ActiveCfg = Release|Any CPU
		{CA7F63A1-7429-4FF6-983A-FDC2E6DCA033}.Release|x86.Build.0 = Release|Any CPU
		{B0F973F5-36D6-4614-8980-A6B38EAB05B8}.Debug|Any CPU.ActiveCfg = Debug|Any CPU
		{B0F973F5-36D6-4614-8980-A6B38EAB05B8}.Debug|Any CPU.Build.0 = Debug|Any CPU
		{B0F973F5-36D6-4614-8980-A6B38EAB05B8}.Debug|x64.ActiveCfg = Debug|Any CPU
		{B0F973F5-36D6-4614-8980-A6B38EAB05B8}.Debug|x64.Build.0 = Debug|Any CPU
		{B0F973F5-36D6-4614-8980-A6B38EAB05B8}.Debug|x86.ActiveCfg = Debug|Any CPU
		{B0F973F5-36D6-4614-8980-A6B38EAB05B8}.Debug|x86.Build.0 = Debug|Any CPU
		{B0F973F5-36D6-4614-8980-A6B38EAB05B8}.Release|Any CPU.ActiveCfg = Release|Any CPU
		{B0F973F5-36D6-4614-8980-A6B38EAB05B8}.Release|Any CPU.Build.0 = Release|Any CPU
		{B0F973F5-36D6-4614-8980-A6B38EAB05B8}.Release|x64.ActiveCfg = Release|Any CPU
		{B0F973F5-36D6-4614-8980-A6B38EAB05B8}.Release|x64.Build.0 = Release|Any CPU
		{B0F973F5-36D6-4614-8980-A6B38EAB05B8}.Release|x86.ActiveCfg = Release|Any CPU
		{B0F973F5-36D6-4614-8980-A6B38EAB05B8}.Release|x86.Build.0 = Release|Any CPU
		{AC991951-D125-42A9-AFCB-919F44F60576}.Debug|Any CPU.ActiveCfg = Debug|Any CPU
		{AC991951-D125-42A9-AFCB-919F44F60576}.Debug|Any CPU.Build.0 = Debug|Any CPU
		{AC991951-D125-42A9-AFCB-919F44F60576}.Debug|x64.ActiveCfg = Debug|Any CPU
		{AC991951-D125-42A9-AFCB-919F44F60576}.Debug|x64.Build.0 = Debug|Any CPU
		{AC991951-D125-42A9-AFCB-919F44F60576}.Debug|x86.ActiveCfg = Debug|Any CPU
		{AC991951-D125-42A9-AFCB-919F44F60576}.Debug|x86.Build.0 = Debug|Any CPU
		{AC991951-D125-42A9-AFCB-919F44F60576}.Release|Any CPU.ActiveCfg = Release|Any CPU
		{AC991951-D125-42A9-AFCB-919F44F60576}.Release|Any CPU.Build.0 = Release|Any CPU
		{AC991951-D125-42A9-AFCB-919F44F60576}.Release|x64.ActiveCfg = Release|Any CPU
		{AC991951-D125-42A9-AFCB-919F44F60576}.Release|x64.Build.0 = Release|Any CPU
		{AC991951-D125-42A9-AFCB-919F44F60576}.Release|x86.ActiveCfg = Release|Any CPU
		{AC991951-D125-42A9-AFCB-919F44F60576}.Release|x86.Build.0 = Release|Any CPU
		{34AE89D7-5CEB-4859-B4E0-2B050C1C9C00}.Debug|Any CPU.ActiveCfg = Debug|Any CPU
		{34AE89D7-5CEB-4859-B4E0-2B050C1C9C00}.Debug|Any CPU.Build.0 = Debug|Any CPU
		{34AE89D7-5CEB-4859-B4E0-2B050C1C9C00}.Debug|x64.ActiveCfg = Debug|Any CPU
		{34AE89D7-5CEB-4859-B4E0-2B050C1C9C00}.Debug|x64.Build.0 = Debug|Any CPU
		{34AE89D7-5CEB-4859-B4E0-2B050C1C9C00}.Debug|x86.ActiveCfg = Debug|Any CPU
		{34AE89D7-5CEB-4859-B4E0-2B050C1C9C00}.Debug|x86.Build.0 = Debug|Any CPU
		{34AE89D7-5CEB-4859-B4E0-2B050C1C9C00}.Release|Any CPU.ActiveCfg = Release|Any CPU
		{34AE89D7-5CEB-4859-B4E0-2B050C1C9C00}.Release|Any CPU.Build.0 = Release|Any CPU
		{34AE89D7-5CEB-4859-B4E0-2B050C1C9C00}.Release|x64.ActiveCfg = Release|Any CPU
		{34AE89D7-5CEB-4859-B4E0-2B050C1C9C00}.Release|x64.Build.0 = Release|Any CPU
		{34AE89D7-5CEB-4859-B4E0-2B050C1C9C00}.Release|x86.ActiveCfg = Release|Any CPU
		{34AE89D7-5CEB-4859-B4E0-2B050C1C9C00}.Release|x86.Build.0 = Release|Any CPU
	EndGlobalSection
	GlobalSection(SolutionProperties) = preSolution
		HideSolutionNode = FALSE
	EndGlobalSection
EndGlobal
